lockfileVersion: '9.0'

settings:
  autoInstallPeers: true
  excludeLinksFromLockfile: false

importers:

  .:
    dependencies:
      posthog-node:
        specifier: ^5.30.6
        version: 5.30.6
    devDependencies:
      '@types/node':
        specifier: ^22.0.0
        version: 22.19.17
      typescript:
        specifier: ^5.9.3
        version: 5.9.3

packages:

  '@posthog/core@1.27.7':
    resolution: {integrity: sha512-6rzOZajUkhuezgPeF+ReMMly0D9oiwIZtMQrsJtZcS/mwi5OtvuYgxeaohgP9PKOhkK1c7cvGskX0Y2YUtBYCw==}

  '@posthog/types@1.372.3':
    resolution: {integrity: sha512-4mkXC9AhsquJnvogWtWsCi+ReODj/jbK0d3fkwCNLLTOpaiAF125FJ6OJyRFax2u+dEKXAPA/dCTGx1S2WF0nw==}

  '@types/node@22.19.17':
    resolution: {integrity: sha512-wGdMcf+vPYM6jikpS/qhg6WiqSV/OhG+jeeHT/KlVqxYfD40iYJf9/AE1uQxVWFvU7MipKRkRv8NSHiCGgPr8Q==}

  posthog-node@5.30.6:
    resolution: {integrity: sha512-deZuSiLkpdEipiywkww1FhQoKpVVFmJP6SAVQcZcMbugTLwJRYSGjgm+qV0Y91xghf2yP6Nr5Plfl52i9Qj15Q==}
    engines: {node: ^20.20.0 || >=22.22.0}
    peerDependencies:
      rxjs: ^7.0.0
    peerDependenciesMeta:
      rxjs:
        optional: true

  typescript@5.9.3:
    resolution: {integrity: sha512-jl1vZzPDinLr9eUt3J/t7V6FgNEw9QjvBPdysz9KfQDD41fQrC2Y4vKQdiaUpFT4bXlb1RHhLpp8wtm6M5TgSw==}
    engines: {node: '>=14.17'}
    hasBin: true

  undici-types@6.21.0:
    resolution: {integrity: sha512-iwDZqg0QAGrg9Rav5H4n0M64c3mkR59cJ6wQp+7C4nI0gsmExaedaYLNO44eT4AtBBwjbTiGPMlt2Md0T9H9JQ==}

snapshots:

  '@posthog/core@1.27.7':
    dependencies:
      '@posthog/types': 1.372.3

  '@posthog/types@1.372.3': {}

  '@types/node@22.19.17':
    dependencies:
      undici-types: 6.21.0

  posthog-node@5.30.6:
    dependencies:
      '@posthog/core': 1.27.7

  typescript@5.9.3: {}

  undici-types@6.21.0: {}
